<?xml version="1.0" encoding="utf-8"?>
<Project ToolsVersion="4.0" xmlns="http://schemas.microsoft.com/developer/msbuild/2003">
  <ItemGroup>
    <ClInclude Include="android_native_app_glue.h">
      <Filter>Engine</Filter>
    </ClInclude>
    <ClInclude Include="log.h">
      <Filter>Engine</Filter>
    </ClInclude>
    <ClInclude Include="assets.h">
      <Filter>Game</Filter>
    </ClInclude>
    <ClInclude Include="matrix.h">
      <Filter>Game</Filter>
    </ClInclude>
    <ClInclude Include="resources.h">
      <Filter>Game</Filter>
    </ClInclude>
    <ClInclude Include="bullet\BulletCollision\BroadphaseCollision\btAxisSweep3.h">
      <Filter>Bullet</Filter>
    </ClInclude>
    <ClInclude Include="bullet\BulletCollision\BroadphaseCollision\btBroadphaseInterface.h">
      <Filter>Bullet</Filter>
    </ClInclude>
    <ClInclude Include="bullet\BulletCollision\BroadphaseCollision\btBroadphaseProxy.h">
      <Filter>Bullet</Filter>
    </ClInclude>
    <ClInclude Include="bullet\BulletCollision\BroadphaseCollision\btCollisionAlgorithm.h">
      <Filter>Bullet</Filter>
    </ClInclude>
    <ClInclude Include="bullet\BulletCollision\BroadphaseCollision\btDbvt.h">
      <Filter>Bullet</Filter>
    </ClInclude>
    <ClInclude Include="bullet\BulletCollision\BroadphaseCollision\btDbvtBroadphase.h">
      <Filter>Bullet</Filter>
    </ClInclude>
    <ClInclude Include="bullet\BulletCollision\BroadphaseCollision\btDispatcher.h">
      <Filter>Bullet</Filter>
    </ClInclude>
    <ClInclude Include="bullet\BulletCollision\BroadphaseCollision\btMultiSapBroadphase.h">
      <Filter>Bullet</Filter>
    </ClInclude>
    <ClInclude Include="bullet\BulletCollision\BroadphaseCollision\btOverlappingPairCache.h">
      <Filter>Bullet</Filter>
    </ClInclude>
    <ClInclude Include="bullet\BulletCollision\BroadphaseCollision\btOverlappingPairCallback.h">
      <Filter>Bullet</Filter>
    </ClInclude>
    <ClInclude Include="bullet\BulletCollision\BroadphaseCollision\btQuantizedBvh.h">
      <Filter>Bullet</Filter>
    </ClInclude>
    <ClInclude Include="bullet\BulletCollision\BroadphaseCollision\btSimpleBroadphase.h">
      <Filter>Bullet</Filter>
    </ClInclude>
    <ClInclude Include="bullet\BulletCollision\CollisionDispatch\btActivatingCollisionAlgorithm.h">
      <Filter>Bullet</Filter>
    </ClInclude>
    <ClInclude Include="bullet\BulletCollision\CollisionDispatch\btBox2dBox2dCollisionAlgorithm.h">
      <Filter>Bullet</Filter>
    </ClInclude>
    <ClInclude Include="bullet\BulletCollision\CollisionDispatch\btBoxBoxCollisionAlgorithm.h">
      <Filter>Bullet</Filter>
    </ClInclude>
    <ClInclude Include="bullet\BulletCollision\CollisionDispatch\btBoxBoxDetector.h">
      <Filter>Bullet</Filter>
    </ClInclude>
    <ClInclude Include="bullet\BulletCollision\CollisionDispatch\btCollisionConfiguration.h">
      <Filter>Bullet</Filter>
    </ClInclude>
    <ClInclude Include="bullet\BulletCollision\CollisionDispatch\btCollisionCreateFunc.h">
      <Filter>Bullet</Filter>
    </ClInclude>
    <ClInclude Include="bullet\BulletCollision\CollisionDispatch\btCollisionDispatcher.h">
      <Filter>Bullet</Filter>
    </ClInclude>
    <ClInclude Include="bullet\BulletCollision\CollisionDispatch\btCollisionObject.h">
      <Filter>Bullet</Filter>
    </ClInclude>
    <ClInclude Include="bullet\BulletCollision\CollisionDispatch\btCollisionObjectWrapper.h">
      <Filter>Bullet</Filter>
    </ClInclude>
    <ClInclude Include="bullet\BulletCollision\CollisionDispatch\btCollisionWorld.h">
      <Filter>Bullet</Filter>
    </ClInclude>
    <ClInclude Include="bullet\BulletCollision\CollisionDispatch\btCollisionWorldImporter.h">
      <Filter>Bullet</Filter>
    </ClInclude>
    <ClInclude Include="bullet\BulletCollision\CollisionDispatch\btCompoundCollisionAlgorithm.h">
      <Filter>Bullet</Filter>
    </ClInclude>
    <ClInclude Include="bullet\BulletCollision\CollisionDispatch\btCompoundCompoundCollisionAlgorithm.h">
      <Filter>Bullet</Filter>
    </ClInclude>
    <ClInclude Include="bullet\BulletCollision\CollisionDispatch\btConvex2dConvex2dAlgorithm.h">
      <Filter>Bullet</Filter>
    </ClInclude>
    <ClInclude Include="bullet\BulletCollision\CollisionDispatch\btConvexConcaveCollisionAlgorithm.h">
      <Filter>Bullet</Filter>
    </ClInclude>
    <ClInclude Include="bullet\BulletCollision\CollisionDispatch\btConvexConvexAlgorithm.h">
      <Filter>Bullet</Filter>
    </ClInclude>
    <ClInclude Include="bullet\BulletCollision\CollisionDispatch\btConvexPlaneCollisionAlgorithm.h">
      <Filter>Bullet</Filter>
    </ClInclude>
    <ClInclude Include="bullet\BulletCollision\CollisionDispatch\btDefaultCollisionConfiguration.h">
      <Filter>Bullet</Filter>
    </ClInclude>
    <ClInclude Include="bullet\BulletCollision\CollisionDispatch\btEmptyCollisionAlgorithm.h">
      <Filter>Bullet</Filter>
    </ClInclude>
    <ClInclude Include="bullet\BulletCollision\CollisionDispatch\btGhostObject.h">
      <Filter>Bullet</Filter>
    </ClInclude>
    <ClInclude Include="bullet\BulletCollision\CollisionDispatch\btHashedSimplePairCache.h">
      <Filter>Bullet</Filter>
    </ClInclude>
    <ClInclude Include="bullet\BulletCollision\CollisionDispatch\btInternalEdgeUtility.h">
      <Filter>Bullet</Filter>
    </ClInclude>
    <ClInclude Include="bullet\BulletCollision\CollisionDispatch\btManifoldResult.h">
      <Filter>Bullet</Filter>
    </ClInclude>
    <ClInclude Include="bullet\BulletCollision\CollisionDispatch\btSimulationIslandManager.h">
      <Filter>Bullet</Filter>
    </ClInclude>
    <ClInclude Include="bullet\BulletCollision\CollisionDispatch\btSphereBoxCollisionAlgorithm.h">
      <Filter>Bullet</Filter>
    </ClInclude>
    <ClInclude Include="bullet\BulletCollision\CollisionDispatch\btSphereSphereCollisionAlgorithm.h">
      <Filter>Bullet</Filter>
    </ClInclude>
    <ClInclude Include="bullet\BulletCollision\CollisionDispatch\btSphereTriangleCollisionAlgorithm.h">
      <Filter>Bullet</Filter>
    </ClInclude>
    <ClInclude Include="bullet\BulletCollision\CollisionDispatch\btUnionFind.h">
      <Filter>Bullet</Filter>
    </ClInclude>
    <ClInclude Include="bullet\BulletCollision\CollisionDispatch\SphereTriangleDetector.h">
      <Filter>Bullet</Filter>
    </ClInclude>
    <ClInclude Include="bullet\BulletCollision\CollisionShapes\btBox2dShape.h">
      <Filter>Bullet</Filter>
    </ClInclude>
    <ClInclude Include="bullet\BulletCollision\CollisionShapes\btBoxShape.h">
      <Filter>Bullet</Filter>
    </ClInclude>
    <ClInclude Include="bullet\BulletCollision\CollisionShapes\btBvhTriangleMeshShape.h">
      <Filter>Bullet</Filter>
    </ClInclude>
    <ClInclude Include="bullet\BulletCollision\CollisionShapes\btCapsuleShape.h">
      <Filter>Bullet</Filter>
    </ClInclude>
    <ClInclude Include="bullet\BulletCollision\CollisionShapes\btCollisionMargin.h">
      <Filter>Bullet</Filter>
    </ClInclude>
    <ClInclude Include="bullet\BulletCollision\CollisionShapes\btCollisionShape.h">
      <Filter>Bullet</Filter>
    </ClInclude>
    <ClInclude Include="bullet\BulletCollision\CollisionShapes\btCompoundShape.h">
      <Filter>Bullet</Filter>
    </ClInclude>
    <ClInclude Include="bullet\BulletCollision\CollisionShapes\btConcaveShape.h">
      <Filter>Bullet</Filter>
    </ClInclude>
    <ClInclude Include="bullet\BulletCollision\CollisionShapes\btConeShape.h">
      <Filter>Bullet</Filter>
    </ClInclude>
    <ClInclude Include="bullet\BulletCollision\CollisionShapes\btConvex2dShape.h">
      <Filter>Bullet</Filter>
    </ClInclude>
    <ClInclude Include="bullet\BulletCollision\CollisionShapes\btConvexHullShape.h">
      <Filter>Bullet</Filter>
    </ClInclude>
    <ClInclude Include="bullet\BulletCollision\CollisionShapes\btConvexInternalShape.h">
      <Filter>Bullet</Filter>
    </ClInclude>
    <ClInclude Include="bullet\BulletCollision\CollisionShapes\btConvexPointCloudShape.h">
      <Filter>Bullet</Filter>
    </ClInclude>
    <ClInclude Include="bullet\BulletCollision\CollisionShapes\btConvexPolyhedron.h">
      <Filter>Bullet</Filter>
    </ClInclude>
    <ClInclude Include="bullet\BulletCollision\CollisionShapes\btConvexShape.h">
      <Filter>Bullet</Filter>
    </ClInclude>
    <ClInclude Include="bullet\BulletCollision\CollisionShapes\btConvexTriangleMeshShape.h">
      <Filter>Bullet</Filter>
    </ClInclude>
    <ClInclude Include="bullet\BulletCollision\CollisionShapes\btCylinderShape.h">
      <Filter>Bullet</Filter>
    </ClInclude>
    <ClInclude Include="bullet\BulletCollision\CollisionShapes\btEmptyShape.h">
      <Filter>Bullet</Filter>
    </ClInclude>
    <ClInclude Include="bullet\BulletCollision\CollisionShapes\btHeightfieldTerrainShape.h">
      <Filter>Bullet</Filter>
    </ClInclude>
    <ClInclude Include="bullet\BulletCollision\CollisionShapes\btMaterial.h">
      <Filter>Bullet</Filter>
    </ClInclude>
    <ClInclude Include="bullet\BulletCollision\CollisionShapes\btMinkowskiSumShape.h">
      <Filter>Bullet</Filter>
    </ClInclude>
    <ClInclude Include="bullet\BulletCollision\CollisionShapes\btMultimaterialTriangleMeshShape.h">
      <Filter>Bullet</Filter>
    </ClInclude>
    <ClInclude Include="bullet\BulletCollision\CollisionShapes\btMultiSphereShape.h">
      <Filter>Bullet</Filter>
    </ClInclude>
    <ClInclude Include="bullet\BulletCollision\CollisionShapes\btOptimizedBvh.h">
      <Filter>Bullet</Filter>
    </ClInclude>
    <ClInclude Include="bullet\BulletCollision\CollisionShapes\btPolyhedralConvexShape.h">
      <Filter>Bullet</Filter>
    </ClInclude>
    <ClInclude Include="bullet\BulletCollision\CollisionShapes\btScaledBvhTriangleMeshShape.h">
      <Filter>Bullet</Filter>
    </ClInclude>
    <ClInclude Include="bullet\BulletCollision\CollisionShapes\btShapeHull.h">
      <Filter>Bullet</Filter>
    </ClInclude>
    <ClInclude Include="bullet\BulletCollision\CollisionShapes\btSphereShape.h">
      <Filter>Bullet</Filter>
    </ClInclude>
    <ClInclude Include="bullet\BulletCollision\CollisionShapes\btStaticPlaneShape.h">
      <Filter>Bullet</Filter>
    </ClInclude>
    <ClInclude Include="bullet\BulletCollision\CollisionShapes\btStridingMeshInterface.h">
      <Filter>Bullet</Filter>
    </ClInclude>
    <ClInclude Include="bullet\BulletCollision\CollisionShapes\btTetrahedronShape.h">
      <Filter>Bullet</Filter>
    </ClInclude>
    <ClInclude Include="bullet\BulletCollision\CollisionShapes\btTriangleBuffer.h">
      <Filter>Bullet</Filter>
    </ClInclude>
    <ClInclude Include="bullet\BulletCollision\CollisionShapes\btTriangleCallback.h">
      <Filter>Bullet</Filter>
    </ClInclude>
    <ClInclude Include="bullet\BulletCollision\CollisionShapes\btTriangleIndexVertexArray.h">
      <Filter>Bullet</Filter>
    </ClInclude>
    <ClInclude Include="bullet\BulletCollision\CollisionShapes\btTriangleIndexVertexMaterialArray.h">
      <Filter>Bullet</Filter>
    </ClInclude>
    <ClInclude Include="bullet\BulletCollision\CollisionShapes\btTriangleInfoMap.h">
      <Filter>Bullet</Filter>
    </ClInclude>
    <ClInclude Include="bullet\BulletCollision\CollisionShapes\btTriangleMesh.h">
      <Filter>Bullet</Filter>
    </ClInclude>
    <ClInclude Include="bullet\BulletCollision\CollisionShapes\btTriangleMeshShape.h">
      <Filter>Bullet</Filter>
    </ClInclude>
    <ClInclude Include="bullet\BulletCollision\CollisionShapes\btTriangleShape.h">
      <Filter>Bullet</Filter>
    </ClInclude>
    <ClInclude Include="bullet\BulletCollision\CollisionShapes\btUniformScalingShape.h">
      <Filter>Bullet</Filter>
    </ClInclude>
    <ClInclude Include="bullet\BulletCollision\Gimpact\btBoxCollision.h">
      <Filter>Bullet</Filter>
    </ClInclude>
    <ClInclude Include="bullet\BulletCollision\Gimpact\btClipPolygon.h">
      <Filter>Bullet</Filter>
    </ClInclude>
    <ClInclude Include="bullet\BulletCollision\Gimpact\btCompoundFromGimpact.h">
      <Filter>Bullet</Filter>
    </ClInclude>
    <ClInclude Include="bullet\BulletCollision\Gimpact\btContactProcessing.h">
      <Filter>Bullet</Filter>
    </ClInclude>
    <ClInclude Include="bullet\BulletCollision\Gimpact\btGenericPoolAllocator.h">
      <Filter>Bullet</Filter>
    </ClInclude>
    <ClInclude Include="bullet\BulletCollision\Gimpact\btGeometryOperations.h">
      <Filter>Bullet</Filter>
    </ClInclude>
    <ClInclude Include="bullet\BulletCollision\Gimpact\btGImpactBvh.h">
      <Filter>Bullet</Filter>
    </ClInclude>
    <ClInclude Include="bullet\BulletCollision\Gimpact\btGImpactCollisionAlgorithm.h">
      <Filter>Bullet</Filter>
    </ClInclude>
    <ClInclude Include="bullet\BulletCollision\Gimpact\btGImpactMassUtil.h">
      <Filter>Bullet</Filter>
    </ClInclude>
    <ClInclude Include="bullet\BulletCollision\Gimpact\btGImpactQuantizedBvh.h">
      <Filter>Bullet</Filter>
    </ClInclude>
    <ClInclude Include="bullet\BulletCollision\Gimpact\btGImpactShape.h">
      <Filter>Bullet</Filter>
    </ClInclude>
    <ClInclude Include="bullet\BulletCollision\Gimpact\btQuantization.h">
      <Filter>Bullet</Filter>
    </ClInclude>
    <ClInclude Include="bullet\BulletCollision\Gimpact\btTriangleShapeEx.h">
      <Filter>Bullet</Filter>
    </ClInclude>
    <ClInclude Include="bullet\BulletCollision\Gimpact\gim_array.h">
      <Filter>Bullet</Filter>
    </ClInclude>
    <ClInclude Include="bullet\BulletCollision\Gimpact\gim_basic_geometry_operations.h">
      <Filter>Bullet</Filter>
    </ClInclude>
    <ClInclude Include="bullet\BulletCollision\Gimpact\gim_bitset.h">
      <Filter>Bullet</Filter>
    </ClInclude>
    <ClInclude Include="bullet\BulletCollision\Gimpact\gim_box_collision.h">
      <Filter>Bullet</Filter>
    </ClInclude>
    <ClInclude Include="bullet\BulletCollision\Gimpact\gim_box_set.h">
      <Filter>Bullet</Filter>
    </ClInclude>
    <ClInclude Include="bullet\BulletCollision\Gimpact\gim_clip_polygon.h">
      <Filter>Bullet</Filter>
    </ClInclude>
    <ClInclude Include="bullet\BulletCollision\Gimpact\gim_contact.h">
      <Filter>Bullet</Filter>
    </ClInclude>
    <ClInclude Include="bullet\BulletCollision\Gimpact\gim_geometry.h">
      <Filter>Bullet</Filter>
    </ClInclude>
    <ClInclude Include="bullet\BulletCollision\Gimpact\gim_geom_types.h">
      <Filter>Bullet</Filter>
    </ClInclude>
    <ClInclude Include="bullet\BulletCollision\Gimpact\gim_hash_table.h">
      <Filter>Bullet</Filter>
    </ClInclude>
    <ClInclude Include="bullet\BulletCollision\Gimpact\gim_linear_math.h">
      <Filter>Bullet</Filter>
    </ClInclude>
    <ClInclude Include="bullet\BulletCollision\Gimpact\gim_math.h">
      <Filter>Bullet</Filter>
    </ClInclude>
    <ClInclude Include="bullet\BulletCollision\Gimpact\gim_memory.h">
      <Filter>Bullet</Filter>
    </ClInclude>
    <ClInclude Include="bullet\BulletCollision\Gimpact\gim_radixsort.h">
      <Filter>Bullet</Filter>
    </ClInclude>
    <ClInclude Include="bullet\BulletCollision\Gimpact\gim_tri_collision.h">
      <Filter>Bullet</Filter>
    </ClInclude>
    <ClInclude Include="bullet\BulletCollision\NarrowPhaseCollision\btComputeGjkEpaPenetration.h">
      <Filter>Bullet</Filter>
    </ClInclude>
    <ClInclude Include="bullet\BulletCollision\NarrowPhaseCollision\btContinuousConvexCollision.h">
      <Filter>Bullet</Filter>
    </ClInclude>
    <ClInclude Include="bullet\BulletCollision\NarrowPhaseCollision\btConvexCast.h">
      <Filter>Bullet</Filter>
    </ClInclude>
    <ClInclude Include="bullet\BulletCollision\NarrowPhaseCollision\btConvexPenetrationDepthSolver.h">
      <Filter>Bullet</Filter>
    </ClInclude>
    <ClInclude Include="bullet\BulletCollision\NarrowPhaseCollision\btDiscreteCollisionDetectorInterface.h">
      <Filter>Bullet</Filter>
    </ClInclude>
    <ClInclude Include="bullet\BulletCollision\NarrowPhaseCollision\btGjkCollisionDescription.h">
      <Filter>Bullet</Filter>
    </ClInclude>
    <ClInclude Include="bullet\BulletCollision\NarrowPhaseCollision\btGjkConvexCast.h">
      <Filter>Bullet</Filter>
    </ClInclude>
    <ClInclude Include="bullet\BulletCollision\NarrowPhaseCollision\btGjkEpa2.h">
      <Filter>Bullet</Filter>
    </ClInclude>
    <ClInclude Include="bullet\BulletCollision\NarrowPhaseCollision\btGjkEpa3.h">
      <Filter>Bullet</Filter>
    </ClInclude>
    <ClInclude Include="bullet\BulletCollision\NarrowPhaseCollision\btGjkEpaPenetrationDepthSolver.h">
      <Filter>Bullet</Filter>
    </ClInclude>
    <ClInclude Include="bullet\BulletCollision\NarrowPhaseCollision\btGjkPairDetector.h">
      <Filter>Bullet</Filter>
    </ClInclude>
    <ClInclude Include="bullet\BulletCollision\NarrowPhaseCollision\btManifoldPoint.h">
      <Filter>Bullet</Filter>
    </ClInclude>
    <ClInclude Include="bullet\BulletCollision\NarrowPhaseCollision\btMinkowskiPenetrationDepthSolver.h">
      <Filter>Bullet</Filter>
    </ClInclude>
    <ClInclude Include="bullet\BulletCollision\NarrowPhaseCollision\btMprPenetration.h">
      <Filter>Bullet</Filter>
    </ClInclude>
    <ClInclude Include="bullet\BulletCollision\NarrowPhaseCollision\btPersistentManifold.h">
      <Filter>Bullet</Filter>
    </ClInclude>
    <ClInclude Include="bullet\BulletCollision\NarrowPhaseCollision\btPointCollector.h">
      <Filter>Bullet</Filter>
    </ClInclude>
    <ClInclude Include="bullet\BulletCollision\NarrowPhaseCollision\btPolyhedralContactClipping.h">
      <Filter>Bullet</Filter>
    </ClInclude>
    <ClInclude Include="bullet\BulletCollision\NarrowPhaseCollision\btRaycastCallback.h">
      <Filter>Bullet</Filter>
    </ClInclude>
    <ClInclude Include="bullet\BulletCollision\NarrowPhaseCollision\btSimplexSolverInterface.h">
      <Filter>Bullet</Filter>
    </ClInclude>
    <ClInclude Include="bullet\BulletCollision\NarrowPhaseCollision\btSubSimplexConvexCast.h">
      <Filter>Bullet</Filter>
    </ClInclude>
    <ClInclude Include="bullet\BulletCollision\NarrowPhaseCollision\btVoronoiSimplexSolver.h">
      <Filter>Bullet</Filter>
    </ClInclude>
    <ClInclude Include="bullet\BulletDynamics\Character\btCharacterControllerInterface.h">
      <Filter>Bullet</Filter>
    </ClInclude>
    <ClInclude Include="bullet\BulletDynamics\Character\btKinematicCharacterController.h">
      <Filter>Bullet</Filter>
    </ClInclude>
    <ClInclude Include="bullet\BulletDynamics\ConstraintSolver\btConeTwistConstraint.h">
      <Filter>Bullet</Filter>
    </ClInclude>
    <ClInclude Include="bullet\BulletDynamics\ConstraintSolver\btConstraintSolver.h">
      <Filter>Bullet</Filter>
    </ClInclude>
    <ClInclude Include="bullet\BulletDynamics\ConstraintSolver\btContactConstraint.h">
      <Filter>Bullet</Filter>
    </ClInclude>
    <ClInclude Include="bullet\BulletDynamics\ConstraintSolver\btContactSolverInfo.h">
      <Filter>Bullet</Filter>
    </ClInclude>
    <ClInclude Include="bullet\BulletDynamics\ConstraintSolver\btFixedConstraint.h">
      <Filter>Bullet</Filter>
    </ClInclude>
    <ClInclude Include="bullet\BulletDynamics\ConstraintSolver\btGearConstraint.h">
      <Filter>Bullet</Filter>
    </ClInclude>
    <ClInclude Include="bullet\BulletDynamics\ConstraintSolver\btGeneric6DofConstraint.h">
      <Filter>Bullet</Filter>
    </ClInclude>
    <ClInclude Include="bullet\BulletDynamics\ConstraintSolver\btGeneric6DofSpring2Constraint.h">
      <Filter>Bullet</Filter>
    </ClInclude>
    <ClInclude Include="bullet\BulletDynamics\ConstraintSolver\btGeneric6DofSpringConstraint.h">
      <Filter>Bullet</Filter>
    </ClInclude>
    <ClInclude Include="bullet\BulletDynamics\ConstraintSolver\btHinge2Constraint.h">
      <Filter>Bullet</Filter>
    </ClInclude>
    <ClInclude Include="bullet\BulletDynamics\ConstraintSolver\btHingeConstraint.h">
      <Filter>Bullet</Filter>
    </ClInclude>
    <ClInclude Include="bullet\BulletDynamics\ConstraintSolver\btJacobianEntry.h">
      <Filter>Bullet</Filter>
    </ClInclude>
    <ClInclude Include="bullet\BulletDynamics\ConstraintSolver\btNNCGConstraintSolver.h">
      <Filter>Bullet</Filter>
    </ClInclude>
    <ClInclude Include="bullet\BulletDynamics\ConstraintSolver\btPoint2PointConstraint.h">
      <Filter>Bullet</Filter>
    </ClInclude>
    <ClInclude Include="bullet\BulletDynamics\ConstraintSolver\btSequentialImpulseConstraintSolver.h">
      <Filter>Bullet</Filter>
    </ClInclude>
    <ClInclude Include="bullet\BulletDynamics\ConstraintSolver\btSliderConstraint.h">
      <Filter>Bullet</Filter>
    </ClInclude>
    <ClInclude Include="bullet\BulletDynamics\ConstraintSolver\btSolve2LinearConstraint.h">
      <Filter>Bullet</Filter>
    </ClInclude>
    <ClInclude Include="bullet\BulletDynamics\ConstraintSolver\btSolverBody.h">
      <Filter>Bullet</Filter>
    </ClInclude>
    <ClInclude Include="bullet\BulletDynamics\ConstraintSolver\btSolverConstraint.h">
      <Filter>Bullet</Filter>
    </ClInclude>
    <ClInclude Include="bullet\BulletDynamics\ConstraintSolver\btTypedConstraint.h">
      <Filter>Bullet</Filter>
    </ClInclude>
    <ClInclude Include="bullet\BulletDynamics\ConstraintSolver\btUniversalConstraint.h">
      <Filter>Bullet</Filter>
    </ClInclude>
    <ClInclude Include="bullet\BulletDynamics\Dynamics\btActionInterface.h">
      <Filter>Bullet</Filter>
    </ClInclude>
    <ClInclude Include="bullet\BulletDynamics\Dynamics\btDiscreteDynamicsWorld.h">
      <Filter>Bullet</Filter>
    </ClInclude>
    <ClInclude Include="bullet\BulletDynamics\Dynamics\btDynamicsWorld.h">
      <Filter>Bullet</Filter>
    </ClInclude>
    <ClInclude Include="bullet\BulletDynamics\Dynamics\btRigidBody.h">
      <Filter>Bullet</Filter>
    </ClInclude>
    <ClInclude Include="bullet\BulletDynamics\Dynamics\btSimpleDynamicsWorld.h">
      <Filter>Bullet</Filter>
    </ClInclude>
    <ClInclude Include="bullet\BulletDynamics\Featherstone\btMultiBody.h">
      <Filter>Bullet</Filter>
    </ClInclude>
    <ClInclude Include="bullet\BulletDynamics\Featherstone\btMultiBodyConstraint.h">
      <Filter>Bullet</Filter>
    </ClInclude>
    <ClInclude Include="bullet\BulletDynamics\Featherstone\btMultiBodyConstraintSolver.h">
      <Filter>Bullet</Filter>
    </ClInclude>
    <ClInclude Include="bullet\BulletDynamics\Featherstone\btMultiBodyDynamicsWorld.h">
      <Filter>Bullet</Filter>
    </ClInclude>
    <ClInclude Include="bullet\BulletDynamics\Featherstone\btMultiBodyFixedConstraint.h">
      <Filter>Bullet</Filter>
    </ClInclude>
    <ClInclude Include="bullet\BulletDynamics\Featherstone\btMultiBodyJointFeedback.h">
      <Filter>Bullet</Filter>
    </ClInclude>
    <ClInclude Include="bullet\BulletDynamics\Featherstone\btMultiBodyJointLimitConstraint.h">
      <Filter>Bullet</Filter>
    </ClInclude>
    <ClInclude Include="bullet\BulletDynamics\Featherstone\btMultiBodyJointMotor.h">
      <Filter>Bullet</Filter>
    </ClInclude>
    <ClInclude Include="bullet\BulletDynamics\Featherstone\btMultiBodyLink.h">
      <Filter>Bullet</Filter>
    </ClInclude>
    <ClInclude Include="bullet\BulletDynamics\Featherstone\btMultiBodyLinkCollider.h">
      <Filter>Bullet</Filter>
    </ClInclude>
    <ClInclude Include="bullet\BulletDynamics\Featherstone\btMultiBodyPoint2Point.h">
      <Filter>Bullet</Filter>
    </ClInclude>
    <ClInclude Include="bullet\BulletDynamics\Featherstone\btMultiBodySliderConstraint.h">
      <Filter>Bullet</Filter>
    </ClInclude>
    <ClInclude Include="bullet\BulletDynamics\Featherstone\btMultiBodySolverConstraint.h">
      <Filter>Bullet</Filter>
    </ClInclude>
    <ClInclude Include="bullet\BulletDynamics\MLCPSolvers\btDantzigLCP.h">
      <Filter>Bullet</Filter>
    </ClInclude>
    <ClInclude Include="bullet\BulletDynamics\MLCPSolvers\btDantzigSolver.h">
      <Filter>Bullet</Filter>
    </ClInclude>
    <ClInclude Include="bullet\BulletDynamics\MLCPSolvers\btLemkeAlgorithm.h">
      <Filter>Bullet</Filter>
    </ClInclude>
    <ClInclude Include="bullet\BulletDynamics\MLCPSolvers\btLemkeSolver.h">
      <Filter>Bullet</Filter>
    </ClInclude>
    <ClInclude Include="bullet\BulletDynamics\MLCPSolvers\btMLCPSolver.h">
      <Filter>Bullet</Filter>
    </ClInclude>
    <ClInclude Include="bullet\BulletDynamics\MLCPSolvers\btMLCPSolverInterface.h">
      <Filter>Bullet</Filter>
    </ClInclude>
    <ClInclude Include="bullet\BulletDynamics\MLCPSolvers\btPATHSolver.h">
      <Filter>Bullet</Filter>
    </ClInclude>
    <ClInclude Include="bullet\BulletDynamics\MLCPSolvers\btSolveProjectedGaussSeidel.h">
      <Filter>Bullet</Filter>
    </ClInclude>
    <ClInclude Include="bullet\BulletDynamics\Vehicle\btRaycastVehicle.h">
      <Filter>Bullet</Filter>
    </ClInclude>
    <ClInclude Include="bullet\BulletDynamics\Vehicle\btVehicleRaycaster.h">
      <Filter>Bullet</Filter>
    </ClInclude>
    <ClInclude Include="bullet\BulletDynamics\Vehicle\btWheelInfo.h">
      <Filter>Bullet</Filter>
    </ClInclude>
    <ClInclude Include="bullet\BulletInverseDynamics\details\IDEigenInterface.hpp">
      <Filter>Bullet</Filter>
    </ClInclude>
    <ClInclude Include="bullet\BulletInverseDynamics\details\IDLinearMathInterface.hpp">
      <Filter>Bullet</Filter>
    </ClInclude>
    <ClInclude Include="bullet\BulletInverseDynamics\details\IDMatVec.hpp">
      <Filter>Bullet</Filter>
    </ClInclude>
    <ClInclude Include="bullet\BulletInverseDynamics\details\MultiBodyTreeImpl.hpp">
      <Filter>Bullet</Filter>
    </ClInclude>
    <ClInclude Include="bullet\BulletInverseDynamics\details\MultiBodyTreeInitCache.hpp">
      <Filter>Bullet</Filter>
    </ClInclude>
    <ClInclude Include="bullet\BulletInverseDynamics\IDConfig.hpp">
      <Filter>Bullet</Filter>
    </ClInclude>
    <ClInclude Include="bullet\BulletInverseDynamics\IDConfigBuiltin.hpp">
      <Filter>Bullet</Filter>
    </ClInclude>
    <ClInclude Include="bullet\BulletInverseDynamics\IDConfigEigen.hpp">
      <Filter>Bullet</Filter>
    </ClInclude>
    <ClInclude Include="bullet\BulletInverseDynamics\IDErrorMessages.hpp">
      <Filter>Bullet</Filter>
    </ClInclude>
    <ClInclude Include="bullet\BulletInverseDynamics\IDMath.hpp">
      <Filter>Bullet</Filter>
    </ClInclude>
    <ClInclude Include="bullet\BulletInverseDynamics\MultiBodyTree.hpp">
      <Filter>Bullet</Filter>
    </ClInclude>
    <ClInclude Include="bullet\BulletSoftBody\btDefaultSoftBodySolver.h">
      <Filter>Bullet</Filter>
    </ClInclude>
    <ClInclude Include="bullet\BulletSoftBody\btSoftBody.h">
      <Filter>Bullet</Filter>
    </ClInclude>
    <ClInclude Include="bullet\BulletSoftBody\btSoftBodyConcaveCollisionAlgorithm.h">
      <Filter>Bullet</Filter>
    </ClInclude>
    <ClInclude Include="bullet\BulletSoftBody\btSoftBodyData.h">
      <Filter>Bullet</Filter>
    </ClInclude>
    <ClInclude Include="bullet\BulletSoftBody\btSoftBodyHelpers.h">
      <Filter>Bullet</Filter>
    </ClInclude>
    <ClInclude Include="bullet\BulletSoftBody\btSoftBodyInternals.h">
      <Filter>Bullet</Filter>
    </ClInclude>
    <ClInclude Include="bullet\BulletSoftBody\btSoftBodyRigidBodyCollisionConfiguration.h">
      <Filter>Bullet</Filter>
    </ClInclude>
    <ClInclude Include="bullet\BulletSoftBody\btSoftBodySolvers.h">
      <Filter>Bullet</Filter>
    </ClInclude>
    <ClInclude Include="bullet\BulletSoftBody\btSoftBodySolverVertexBuffer.h">
      <Filter>Bullet</Filter>
    </ClInclude>
    <ClInclude Include="bullet\BulletSoftBody\btSoftRigidCollisionAlgorithm.h">
      <Filter>Bullet</Filter>
    </ClInclude>
    <ClInclude Include="bullet\BulletSoftBody\btSoftRigidDynamicsWorld.h">
      <Filter>Bullet</Filter>
    </ClInclude>
    <ClInclude Include="bullet\BulletSoftBody\btSoftSoftCollisionAlgorithm.h">
      <Filter>Bullet</Filter>
    </ClInclude>
    <ClInclude Include="bullet\BulletSoftBody\btSparseSDF.h">
      <Filter>Bullet</Filter>
    </ClInclude>
    <ClInclude Include="bullet\LinearMath\btAabbUtil2.h">
      <Filter>Bullet</Filter>
    </ClInclude>
    <ClInclude Include="bullet\LinearMath\btAlignedAllocator.h">
      <Filter>Bullet</Filter>
    </ClInclude>
    <ClInclude Include="bullet\LinearMath\btAlignedObjectArray.h">
      <Filter>Bullet</Filter>
    </ClInclude>
    <ClInclude Include="bullet\LinearMath\btConvexHull.h">
      <Filter>Bullet</Filter>
    </ClInclude>
    <ClInclude Include="bullet\LinearMath\btConvexHullComputer.h">
      <Filter>Bullet</Filter>
    </ClInclude>
    <ClInclude Include="bullet\LinearMath\btCpuFeatureUtility.h">
      <Filter>Bullet</Filter>
    </ClInclude>
    <ClInclude Include="bullet\LinearMath\btDefaultMotionState.h">
      <Filter>Bullet</Filter>
    </ClInclude>
    <ClInclude Include="bullet\LinearMath\btGeometryUtil.h">
      <Filter>Bullet</Filter>
    </ClInclude>
    <ClInclude Include="bullet\LinearMath\btGrahamScan2dConvexHull.h">
      <Filter>Bullet</Filter>
    </ClInclude>
    <ClInclude Include="bullet\LinearMath\btHashMap.h">
      <Filter>Bullet</Filter>
    </ClInclude>
    <ClInclude Include="bullet\LinearMath\btIDebugDraw.h">
      <Filter>Bullet</Filter>
    </ClInclude>
    <ClInclude Include="bullet\LinearMath\btList.h">
      <Filter>Bullet</Filter>
    </ClInclude>
    <ClInclude Include="bullet\LinearMath\btMatrix3x3.h">
      <Filter>Bullet</Filter>
    </ClInclude>
    <ClInclude Include="bullet\LinearMath\btMatrixX.h">
      <Filter>Bullet</Filter>
    </ClInclude>
    <ClInclude Include="bullet\LinearMath\btMinMax.h">
      <Filter>Bullet</Filter>
    </ClInclude>
    <ClInclude Include="bullet\LinearMath\btMotionState.h">
      <Filter>Bullet</Filter>
    </ClInclude>
    <ClInclude Include="bullet\LinearMath\btPolarDecomposition.h">
      <Filter>Bullet</Filter>
    </ClInclude>
    <ClInclude Include="bullet\LinearMath\btPoolAllocator.h">
      <Filter>Bullet</Filter>
    </ClInclude>
    <ClInclude Include="bullet\LinearMath\btQuadWord.h">
      <Filter>Bullet</Filter>
    </ClInclude>
    <ClInclude Include="bullet\LinearMath\btQuaternion.h">
      <Filter>Bullet</Filter>
    </ClInclude>
    <ClInclude Include="bullet\LinearMath\btQuickprof.h">
      <Filter>Bullet</Filter>
    </ClInclude>
    <ClInclude Include="bullet\LinearMath\btRandom.h">
      <Filter>Bullet</Filter>
    </ClInclude>
    <ClInclude Include="bullet\LinearMath\btScalar.h">
      <Filter>Bullet</Filter>
    </ClInclude>
    <ClInclude Include="bullet\LinearMath\btSerializer.h">
      <Filter>Bullet</Filter>
    </ClInclude>
    <ClInclude Include="bullet\LinearMath\btSpatialAlgebra.h">
      <Filter>Bullet</Filter>
    </ClInclude>
    <ClInclude Include="bullet\LinearMath\btStackAlloc.h">
      <Filter>Bullet</Filter>
    </ClInclude>
    <ClInclude Include="bullet\LinearMath\btTransform.h">
      <Filter>Bullet</Filter>
    </ClInclude>
    <ClInclude Include="bullet\LinearMath\btTransformUtil.h">
      <Filter>Bullet</Filter>
    </ClInclude>
    <ClInclude Include="bullet\LinearMath\btVector3.h">
      <Filter>Bullet</Filter>
    </ClInclude>
    <ClInclude Include="bullet\btBulletCollisionCommon.h">
      <Filter>Bullet</Filter>
    </ClInclude>
    <ClInclude Include="bullet\btBulletDynamicsCommon.h">
      <Filter>Bullet</Filter>
    </ClInclude>
    <ClInclude Include="bullet\Bullet3Collision\BroadPhaseCollision\b3BroadphaseCallback.h">
      <Filter>Bullet</Filter>
    </ClInclude>
    <ClInclude Include="bullet\Bullet3Collision\BroadPhaseCollision\b3DynamicBvh.h">
      <Filter>Bullet</Filter>
    </ClInclude>
    <ClInclude Include="bullet\Bullet3Collision\BroadPhaseCollision\b3DynamicBvhBroadphase.h">
      <Filter>Bullet</Filter>
    </ClInclude>
    <ClInclude Include="bullet\Bullet3Collision\BroadPhaseCollision\b3OverlappingPair.h">
      <Filter>Bullet</Filter>
    </ClInclude>
    <ClInclude Include="bullet\Bullet3Collision\BroadPhaseCollision\b3OverlappingPairCache.h">
      <Filter>Bullet</Filter>
    </ClInclude>
    <ClInclude Include="bullet\Bullet3Collision\BroadPhaseCollision\shared\b3Aabb.h">
      <Filter>Bullet</Filter>
    </ClInclude>
    <ClInclude Include="bullet\Bullet3Collision\NarrowPhaseCollision\b3Config.h">
      <Filter>Bullet</Filter>
    </ClInclude>
    <ClInclude Include="bullet\Bullet3Collision\NarrowPhaseCollision\b3Contact4.h">
      <Filter>Bullet</Filter>
    </ClInclude>
    <ClInclude Include="bullet\Bullet3Collision\NarrowPhaseCollision\b3ConvexUtility.h">
      <Filter>Bullet</Filter>
    </ClInclude>
    <ClInclude Include="bullet\Bullet3Collision\NarrowPhaseCollision\b3CpuNarrowPhase.h">
      <Filter>Bullet</Filter>
    </ClInclude>
    <ClInclude Include="bullet\Bullet3Collision\NarrowPhaseCollision\b3RaycastInfo.h">
      <Filter>Bullet</Filter>
    </ClInclude>
    <ClInclude Include="bullet\Bullet3Collision\NarrowPhaseCollision\b3RigidBodyCL.h">
      <Filter>Bullet</Filter>
    </ClInclude>
    <ClInclude Include="bullet\Bullet3Collision\NarrowPhaseCollision\shared\b3BvhSubtreeInfoData.h">
      <Filter>Bullet</Filter>
    </ClInclude>
    <ClInclude Include="bullet\Bullet3Collision\NarrowPhaseCollision\shared\b3BvhTraversal.h">
      <Filter>Bullet</Filter>
    </ClInclude>
    <ClInclude Include="bullet\Bullet3Collision\NarrowPhaseCollision\shared\b3ClipFaces.h">
      <Filter>Bullet</Filter>
    </ClInclude>
    <ClInclude Include="bullet\Bullet3Collision\NarrowPhaseCollision\shared\b3Collidable.h">
      <Filter>Bullet</Filter>
    </ClInclude>
    <ClInclude Include="bullet\Bullet3Collision\NarrowPhaseCollision\shared\b3Contact4Data.h">
      <Filter>Bullet</Filter>
    </ClInclude>
    <ClInclude Include="bullet\Bullet3Collision\NarrowPhaseCollision\shared\b3ContactConvexConvexSAT.h">
      <Filter>Bullet</Filter>
    </ClInclude>
    <ClInclude Include="bullet\Bullet3Collision\NarrowPhaseCollision\shared\b3ContactSphereSphere.h">
      <Filter>Bullet</Filter>
    </ClInclude>
    <ClInclude Include="bullet\Bullet3Collision\NarrowPhaseCollision\shared\b3ConvexPolyhedronData.h">
      <Filter>Bullet</Filter>
    </ClInclude>
    <ClInclude Include="bullet\Bullet3Collision\NarrowPhaseCollision\shared\b3FindConcaveSatAxis.h">
      <Filter>Bullet</Filter>
    </ClInclude>
    <ClInclude Include="bullet\Bullet3Collision\NarrowPhaseCollision\shared\b3FindSeparatingAxis.h">
      <Filter>Bullet</Filter>
    </ClInclude>
    <ClInclude Include="bullet\Bullet3Collision\NarrowPhaseCollision\shared\b3MprPenetration.h">
      <Filter>Bullet</Filter>
    </ClInclude>
    <ClInclude Include="bullet\Bullet3Collision\NarrowPhaseCollision\shared\b3NewContactReduction.h">
      <Filter>Bullet</Filter>
    </ClInclude>
    <ClInclude Include="bullet\Bullet3Collision\NarrowPhaseCollision\shared\b3QuantizedBvhNodeData.h">
      <Filter>Bullet</Filter>
    </ClInclude>
    <ClInclude Include="bullet\Bullet3Collision\NarrowPhaseCollision\shared\b3ReduceContacts.h">
      <Filter>Bullet</Filter>
    </ClInclude>
    <ClInclude Include="bullet\Bullet3Collision\NarrowPhaseCollision\shared\b3RigidBodyData.h">
      <Filter>Bullet</Filter>
    </ClInclude>
    <ClInclude Include="bullet\Bullet3Collision\NarrowPhaseCollision\shared\b3UpdateAabbs.h">
      <Filter>Bullet</Filter>
    </ClInclude>
    <ClInclude Include="bullet\Bullet3Common\b3AlignedAllocator.h">
      <Filter>Bullet</Filter>
    </ClInclude>
    <ClInclude Include="bullet\Bullet3Common\b3AlignedObjectArray.h">
      <Filter>Bullet</Filter>
    </ClInclude>
    <ClInclude Include="bullet\Bullet3Common\b3CommandLineArgs.h">
      <Filter>Bullet</Filter>
    </ClInclude>
    <ClInclude Include="bullet\Bullet3Common\b3FileUtils.h">
      <Filter>Bullet</Filter>
    </ClInclude>
    <ClInclude Include="bullet\Bullet3Common\b3HashMap.h">
      <Filter>Bullet</Filter>
    </ClInclude>
    <ClInclude Include="bullet\Bullet3Common\b3Logging.h">
      <Filter>Bullet</Filter>
    </ClInclude>
    <ClInclude Include="bullet\Bullet3Common\b3Matrix3x3.h">
      <Filter>Bullet</Filter>
    </ClInclude>
    <ClInclude Include="bullet\Bullet3Common\b3MinMax.h">
      <Filter>Bullet</Filter>
    </ClInclude>
    <ClInclude Include="bullet\Bullet3Common\b3PoolAllocator.h">
      <Filter>Bullet</Filter>
    </ClInclude>
    <ClInclude Include="bullet\Bullet3Common\b3QuadWord.h">
      <Filter>Bullet</Filter>
    </ClInclude>
    <ClInclude Include="bullet\Bullet3Common\b3Quaternion.h">
      <Filter>Bullet</Filter>
    </ClInclude>
    <ClInclude Include="bullet\Bullet3Common\b3Random.h">
      <Filter>Bullet</Filter>
    </ClInclude>
    <ClInclude Include="bullet\Bullet3Common\b3Scalar.h">
      <Filter>Bullet</Filter>
    </ClInclude>
    <ClInclude Include="bullet\Bullet3Common\b3StackAlloc.h">
      <Filter>Bullet</Filter>
    </ClInclude>
    <ClInclude Include="bullet\Bullet3Common\b3Transform.h">
      <Filter>Bullet</Filter>
    </ClInclude>
    <ClInclude Include="bullet\Bullet3Common\b3TransformUtil.h">
      <Filter>Bullet</Filter>
    </ClInclude>
    <ClInclude Include="bullet\Bullet3Common\b3Vector3.h">
      <Filter>Bullet</Filter>
    </ClInclude>
    <ClInclude Include="bullet\Bullet3Common\shared\b3Float4.h">
      <Filter>Bullet</Filter>
    </ClInclude>
    <ClInclude Include="bullet\Bullet3Common\shared\b3Int2.h">
      <Filter>Bullet</Filter>
    </ClInclude>
    <ClInclude Include="bullet\Bullet3Common\shared\b3Int4.h">
      <Filter>Bullet</Filter>
    </ClInclude>
    <ClInclude Include="bullet\Bullet3Common\shared\b3Mat3x3.h">
      <Filter>Bullet</Filter>
    </ClInclude>
    <ClInclude Include="bullet\Bullet3Common\shared\b3PlatformDefinitions.h">
      <Filter>Bullet</Filter>
    </ClInclude>
    <ClInclude Include="bullet\Bullet3Common\shared\b3Quat.h">
      <Filter>Bullet</Filter>
    </ClInclude>
    <ClInclude Include="bullet\Bullet3Dynamics\b3CpuRigidBodyPipeline.h">
      <Filter>Bullet</Filter>
    </ClInclude>
    <ClInclude Include="bullet\Bullet3Dynamics\ConstraintSolver\b3ContactSolverInfo.h">
      <Filter>Bullet</Filter>
    </ClInclude>
    <ClInclude Include="bullet\Bullet3Dynamics\ConstraintSolver\b3FixedConstraint.h">
      <Filter>Bullet</Filter>
    </ClInclude>
    <ClInclude Include="bullet\Bullet3Dynamics\ConstraintSolver\b3Generic6DofConstraint.h">
      <Filter>Bullet</Filter>
    </ClInclude>
    <ClInclude Include="bullet\Bullet3Dynamics\ConstraintSolver\b3JacobianEntry.h">
      <Filter>Bullet</Filter>
    </ClInclude>
    <ClInclude Include="bullet\Bullet3Dynamics\ConstraintSolver\b3PgsJacobiSolver.h">
      <Filter>Bullet</Filter>
    </ClInclude>
    <ClInclude Include="bullet\Bullet3Dynamics\ConstraintSolver\b3Point2PointConstraint.h">
      <Filter>Bullet</Filter>
    </ClInclude>
    <ClInclude Include="bullet\Bullet3Dynamics\ConstraintSolver\b3SolverBody.h">
      <Filter>Bullet</Filter>
    </ClInclude>
    <ClInclude Include="bullet\Bullet3Dynamics\ConstraintSolver\b3SolverConstraint.h">
      <Filter>Bullet</Filter>
    </ClInclude>
    <ClInclude Include="bullet\Bullet3Dynamics\ConstraintSolver\b3TypedConstraint.h">
      <Filter>Bullet</Filter>
    </ClInclude>
    <ClInclude Include="bullet\Bullet3Dynamics\shared\b3ContactConstraint4.h">
      <Filter>Bullet</Filter>
    </ClInclude>
    <ClInclude Include="bullet\Bullet3Dynamics\shared\b3ConvertConstraint4.h">
      <Filter>Bullet</Filter>
    </ClInclude>
    <ClInclude Include="bullet\Bullet3Dynamics\shared\b3Inertia.h">
      <Filter>Bullet</Filter>
    </ClInclude>
    <ClInclude Include="bullet\Bullet3Dynamics\shared\b3IntegrateTransforms.h">
      <Filter>Bullet</Filter>
    </ClInclude>
    <ClInclude Include="bullet\Bullet3Geometry\b3AabbUtil.h">
      <Filter>Bullet</Filter>
    </ClInclude>
    <ClInclude Include="bullet\Bullet3Geometry\b3ConvexHullComputer.h">
      <Filter>Bullet</Filter>
    </ClInclude>
    <ClInclude Include="bullet\Bullet3Geometry\b3GeometryUtil.h">
      <Filter>Bullet</Filter>
    </ClInclude>
    <ClInclude Include="bullet\Bullet3Geometry\b3GrahamScan2dConvexHull.h">
      <Filter>Bullet</Filter>
    </ClInclude>
    <ClInclude Include="bullet\Bullet3Serialize\Bullet2FileLoader\autogenerated\bullet2.h">
      <Filter>Bullet</Filter>
    </ClInclude>
    <ClInclude Include="bullet\Bullet3Serialize\Bullet2FileLoader\b3BulletFile.h">
      <Filter>Bullet</Filter>
    </ClInclude>
    <ClInclude Include="bullet\Bullet3Serialize\Bullet2FileLoader\b3Chunk.h">
      <Filter>Bullet</Filter>
    </ClInclude>
    <ClInclude Include="bullet\Bullet3Serialize\Bullet2FileLoader\b3Common.h">
      <Filter>Bullet</Filter>
    </ClInclude>
    <ClInclude Include="bullet\Bullet3Serialize\Bullet2FileLoader\b3Defines.h">
      <Filter>Bullet</Filter>
    </ClInclude>
    <ClInclude Include="bullet\Bullet3Serialize\Bullet2FileLoader\b3DNA.h">
      <Filter>Bullet</Filter>
    </ClInclude>
    <ClInclude Include="bullet\Bullet3Serialize\Bullet2FileLoader\b3File.h">
      <Filter>Bullet</Filter>
    </ClInclude>
    <ClInclude Include="bullet\Bullet3Serialize\Bullet2FileLoader\b3Serializer.h">
      <Filter>Bullet</Filter>
    </ClInclude>
  </ItemGroup>
  <ItemGroup>
    <ClCompile Include="android_native_app_glue.c">
      <Filter>Engine</Filter>
    </ClCompile>
    <ClCompile Include="main.cpp">
      <Filter>Engine</Filter>
    </ClCompile>
    <ClCompile Include="assets.cpp">
      <Filter>Game</Filter>
    </ClCompile>
    <ClCompile Include="matrix.cpp">
      <Filter>Game</Filter>
    </ClCompile>
    <ClCompile Include="resources.cpp">
      <Filter>Game</Filter>
    </ClCompile>
    <ClCompile Include="bullet\BulletCollision\BroadphaseCollision\btAxisSweep3.cpp">
      <Filter>Bullet</Filter>
    </ClCompile>
    <ClCompile Include="bullet\BulletCollision\BroadphaseCollision\btBroadphaseProxy.cpp">
      <Filter>Bullet</Filter>
    </ClCompile>
    <ClCompile Include="bullet\BulletCollision\BroadphaseCollision\btCollisionAlgorithm.cpp">
      <Filter>Bullet</Filter>
    </ClCompile>
    <ClCompile Include="bullet\BulletCollision\BroadphaseCollision\btDbvt.cpp">
      <Filter>Bullet</Filter>
    </ClCompile>
    <ClCompile Include="bullet\BulletCollision\BroadphaseCollision\btDbvtBroadphase.cpp">
      <Filter>Bullet</Filter>
    </ClCompile>
    <ClCompile Include="bullet\BulletCollision\BroadphaseCollision\btDispatcher.cpp">
      <Filter>Bullet</Filter>
    </ClCompile>
    <ClCompile Include="bullet\BulletCollision\BroadphaseCollision\btMultiSapBroadphase.cpp">
      <Filter>Bullet</Filter>
    </ClCompile>
    <ClCompile Include="bullet\BulletCollision\BroadphaseCollision\btOverlappingPairCache.cpp">
      <Filter>Bullet</Filter>
    </ClCompile>
    <ClCompile Include="bullet\BulletCollision\BroadphaseCollision\btQuantizedBvh.cpp">
      <Filter>Bullet</Filter>
    </ClCompile>
    <ClCompile Include="bullet\BulletCollision\BroadphaseCollision\btSimpleBroadphase.cpp">
      <Filter>Bullet</Filter>
    </ClCompile>
    <ClCompile Include="bullet\BulletCollision\CollisionDispatch\btActivatingCollisionAlgorithm.cpp">
      <Filter>Bullet</Filter>
    </ClCompile>
    <ClCompile Include="bullet\BulletCollision\CollisionDispatch\btBox2dBox2dCollisionAlgorithm.cpp">
      <Filter>Bullet</Filter>
    </ClCompile>
    <ClCompile Include="bullet\BulletCollision\CollisionDispatch\btBoxBoxCollisionAlgorithm.cpp">
      <Filter>Bullet</Filter>
    </ClCompile>
    <ClCompile Include="bullet\BulletCollision\CollisionDispatch\btBoxBoxDetector.cpp">
      <Filter>Bullet</Filter>
    </ClCompile>
    <ClCompile Include="bullet\BulletCollision\CollisionDispatch\btCollisionDispatcher.cpp">
      <Filter>Bullet</Filter>
    </ClCompile>
    <ClCompile Include="bullet\BulletCollision\CollisionDispatch\btCollisionObject.cpp">
      <Filter>Bullet</Filter>
    </ClCompile>
    <ClCompile Include="bullet\BulletCollision\CollisionDispatch\btCollisionWorld.cpp">
      <Filter>Bullet</Filter>
    </ClCompile>
    <ClCompile Include="bullet\BulletCollision\CollisionDispatch\btCollisionWorldImporter.cpp">
      <Filter>Bullet</Filter>
    </ClCompile>
    <ClCompile Include="bullet\BulletCollision\CollisionDispatch\btCompoundCollisionAlgorithm.cpp">
      <Filter>Bullet</Filter>
    </ClCompile>
    <ClCompile Include="bullet\BulletCollision\CollisionDispatch\btCompoundCompoundCollisionAlgorithm.cpp">
      <Filter>Bullet</Filter>
    </ClCompile>
    <ClCompile Include="bullet\BulletCollision\CollisionDispatch\btConvex2dConvex2dAlgorithm.cpp">
      <Filter>Bullet</Filter>
    </ClCompile>
    <ClCompile Include="bullet\BulletCollision\CollisionDispatch\btConvexConcaveCollisionAlgorithm.cpp">
      <Filter>Bullet</Filter>
    </ClCompile>
    <ClCompile Include="bullet\BulletCollision\CollisionDispatch\btConvexConvexAlgorithm.cpp">
      <Filter>Bullet</Filter>
    </ClCompile>
    <ClCompile Include="bullet\BulletCollision\CollisionDispatch\btConvexPlaneCollisionAlgorithm.cpp">
      <Filter>Bullet</Filter>
    </ClCompile>
    <ClCompile Include="bullet\BulletCollision\CollisionDispatch\btDefaultCollisionConfiguration.cpp">
      <Filter>Bullet</Filter>
    </ClCompile>
    <ClCompile Include="bullet\BulletCollision\CollisionDispatch\btEmptyCollisionAlgorithm.cpp">
      <Filter>Bullet</Filter>
    </ClCompile>
    <ClCompile Include="bullet\BulletCollision\CollisionDispatch\btGhostObject.cpp">
      <Filter>Bullet</Filter>
    </ClCompile>
    <ClCompile Include="bullet\BulletCollision\CollisionDispatch\btHashedSimplePairCache.cpp">
      <Filter>Bullet</Filter>
    </ClCompile>
    <ClCompile Include="bullet\BulletCollision\CollisionDispatch\btInternalEdgeUtility.cpp">
      <Filter>Bullet</Filter>
    </ClCompile>
    <ClCompile Include="bullet\BulletCollision\CollisionDispatch\btManifoldResult.cpp">
      <Filter>Bullet</Filter>
    </ClCompile>
    <ClCompile Include="bullet\BulletCollision\CollisionDispatch\btSimulationIslandManager.cpp">
      <Filter>Bullet</Filter>
    </ClCompile>
    <ClCompile Include="bullet\BulletCollision\CollisionDispatch\btSphereBoxCollisionAlgorithm.cpp">
      <Filter>Bullet</Filter>
    </ClCompile>
    <ClCompile Include="bullet\BulletCollision\CollisionDispatch\btSphereSphereCollisionAlgorithm.cpp">
      <Filter>Bullet</Filter>
    </ClCompile>
    <ClCompile Include="bullet\BulletCollision\CollisionDispatch\btSphereTriangleCollisionAlgorithm.cpp">
      <Filter>Bullet</Filter>
    </ClCompile>
    <ClCompile Include="bullet\BulletCollision\CollisionDispatch\btUnionFind.cpp">
      <Filter>Bullet</Filter>
    </ClCompile>
    <ClCompile Include="bullet\BulletCollision\CollisionDispatch\SphereTriangleDetector.cpp">
      <Filter>Bullet</Filter>
    </ClCompile>
    <ClCompile Include="bullet\BulletCollision\CollisionShapes\btBox2dShape.cpp">
      <Filter>Bullet</Filter>
    </ClCompile>
    <ClCompile Include="bullet\BulletCollision\CollisionShapes\btBoxShape.cpp">
      <Filter>Bullet</Filter>
    </ClCompile>
    <ClCompile Include="bullet\BulletCollision\CollisionShapes\btBvhTriangleMeshShape.cpp">
      <Filter>Bullet</Filter>
    </ClCompile>
    <ClCompile Include="bullet\BulletCollision\CollisionShapes\btCapsuleShape.cpp">
      <Filter>Bullet</Filter>
    </ClCompile>
    <ClCompile Include="bullet\BulletCollision\CollisionShapes\btCollisionShape.cpp">
      <Filter>Bullet</Filter>
    </ClCompile>
    <ClCompile Include="bullet\BulletCollision\CollisionShapes\btCompoundShape.cpp">
      <Filter>Bullet</Filter>
    </ClCompile>
    <ClCompile Include="bullet\BulletCollision\CollisionShapes\btConcaveShape.cpp">
      <Filter>Bullet</Filter>
    </ClCompile>
    <ClCompile Include="bullet\BulletCollision\CollisionShapes\btConeShape.cpp">
      <Filter>Bullet</Filter>
    </ClCompile>
    <ClCompile Include="bullet\BulletCollision\CollisionShapes\btConvex2dShape.cpp">
      <Filter>Bullet</Filter>
    </ClCompile>
    <ClCompile Include="bullet\BulletCollision\CollisionShapes\btConvexHullShape.cpp">
      <Filter>Bullet</Filter>
    </ClCompile>
    <ClCompile Include="bullet\BulletCollision\CollisionShapes\btConvexInternalShape.cpp">
      <Filter>Bullet</Filter>
    </ClCompile>
    <ClCompile Include="bullet\BulletCollision\CollisionShapes\btConvexPointCloudShape.cpp">
      <Filter>Bullet</Filter>
    </ClCompile>
    <ClCompile Include="bullet\BulletCollision\CollisionShapes\btConvexPolyhedron.cpp">
      <Filter>Bullet</Filter>
    </ClCompile>
    <ClCompile Include="bullet\BulletCollision\CollisionShapes\btConvexShape.cpp">
      <Filter>Bullet</Filter>
    </ClCompile>
    <ClCompile Include="bullet\BulletCollision\CollisionShapes\btConvexTriangleMeshShape.cpp">
      <Filter>Bullet</Filter>
    </ClCompile>
    <ClCompile Include="bullet\BulletCollision\CollisionShapes\btCylinderShape.cpp">
      <Filter>Bullet</Filter>
    </ClCompile>
    <ClCompile Include="bullet\BulletCollision\CollisionShapes\btEmptyShape.cpp">
      <Filter>Bullet</Filter>
    </ClCompile>
    <ClCompile Include="bullet\BulletCollision\CollisionShapes\btHeightfieldTerrainShape.cpp">
      <Filter>Bullet</Filter>
    </ClCompile>
    <ClCompile Include="bullet\BulletCollision\CollisionShapes\btMinkowskiSumShape.cpp">
      <Filter>Bullet</Filter>
    </ClCompile>
    <ClCompile Include="bullet\BulletCollision\CollisionShapes\btMultimaterialTriangleMeshShape.cpp">
      <Filter>Bullet</Filter>
    </ClCompile>
    <ClCompile Include="bullet\BulletCollision\CollisionShapes\btMultiSphereShape.cpp">
      <Filter>Bullet</Filter>
    </ClCompile>
    <ClCompile Include="bullet\BulletCollision\CollisionShapes\btOptimizedBvh.cpp">
      <Filter>Bullet</Filter>
    </ClCompile>
    <ClCompile Include="bullet\BulletCollision\CollisionShapes\btPolyhedralConvexShape.cpp">
      <Filter>Bullet</Filter>
    </ClCompile>
    <ClCompile Include="bullet\BulletCollision\CollisionShapes\btScaledBvhTriangleMeshShape.cpp">
      <Filter>Bullet</Filter>
    </ClCompile>
    <ClCompile Include="bullet\BulletCollision\CollisionShapes\btShapeHull.cpp">
      <Filter>Bullet</Filter>
    </ClCompile>
    <ClCompile Include="bullet\BulletCollision\CollisionShapes\btSphereShape.cpp">
      <Filter>Bullet</Filter>
    </ClCompile>
    <ClCompile Include="bullet\BulletCollision\CollisionShapes\btStaticPlaneShape.cpp">
      <Filter>Bullet</Filter>
    </ClCompile>
    <ClCompile Include="bullet\BulletCollision\CollisionShapes\btStridingMeshInterface.cpp">
      <Filter>Bullet</Filter>
    </ClCompile>
    <ClCompile Include="bullet\BulletCollision\CollisionShapes\btTetrahedronShape.cpp">
      <Filter>Bullet</Filter>
    </ClCompile>
    <ClCompile Include="bullet\BulletCollision\CollisionShapes\btTriangleBuffer.cpp">
      <Filter>Bullet</Filter>
    </ClCompile>
    <ClCompile Include="bullet\BulletCollision\CollisionShapes\btTriangleCallback.cpp">
      <Filter>Bullet</Filter>
    </ClCompile>
    <ClCompile Include="bullet\BulletCollision\CollisionShapes\btTriangleIndexVertexArray.cpp">
      <Filter>Bullet</Filter>
    </ClCompile>
    <ClCompile Include="bullet\BulletCollision\CollisionShapes\btTriangleIndexVertexMaterialArray.cpp">
      <Filter>Bullet</Filter>
    </ClCompile>
    <ClCompile Include="bullet\BulletCollision\CollisionShapes\btTriangleMesh.cpp">
      <Filter>Bullet</Filter>
    </ClCompile>
    <ClCompile Include="bullet\BulletCollision\CollisionShapes\btTriangleMeshShape.cpp">
      <Filter>Bullet</Filter>
    </ClCompile>
    <ClCompile Include="bullet\BulletCollision\CollisionShapes\btUniformScalingShape.cpp">
      <Filter>Bullet</Filter>
    </ClCompile>
    <ClCompile Include="bullet\BulletCollision\Gimpact\btContactProcessing.cpp">
      <Filter>Bullet</Filter>
    </ClCompile>
    <ClCompile Include="bullet\BulletCollision\Gimpact\btGenericPoolAllocator.cpp">
      <Filter>Bullet</Filter>
    </ClCompile>
    <ClCompile Include="bullet\BulletCollision\Gimpact\btGImpactBvh.cpp">
      <Filter>Bullet</Filter>
    </ClCompile>
    <ClCompile Include="bullet\BulletCollision\Gimpact\btGImpactCollisionAlgorithm.cpp">
      <Filter>Bullet</Filter>
    </ClCompile>
    <ClCompile Include="bullet\BulletCollision\Gimpact\btGImpactQuantizedBvh.cpp">
      <Filter>Bullet</Filter>
    </ClCompile>
    <ClCompile Include="bullet\BulletCollision\Gimpact\btGImpactShape.cpp">
      <Filter>Bullet</Filter>
    </ClCompile>
    <ClCompile Include="bullet\BulletCollision\Gimpact\btTriangleShapeEx.cpp">
      <Filter>Bullet</Filter>
    </ClCompile>
    <ClCompile Include="bullet\BulletCollision\Gimpact\gim_box_set.cpp">
      <Filter>Bullet</Filter>
    </ClCompile>
    <ClCompile Include="bullet\BulletCollision\Gimpact\gim_contact.cpp">
      <Filter>Bullet</Filter>
    </ClCompile>
    <ClCompile Include="bullet\BulletCollision\Gimpact\gim_memory.cpp">
      <Filter>Bullet</Filter>
    </ClCompile>
    <ClCompile Include="bullet\BulletCollision\Gimpact\gim_tri_collision.cpp">
      <Filter>Bullet</Filter>
    </ClCompile>
    <ClCompile Include="bullet\BulletCollision\NarrowPhaseCollision\btContinuousConvexCollision.cpp">
      <Filter>Bullet</Filter>
    </ClCompile>
    <ClCompile Include="bullet\BulletCollision\NarrowPhaseCollision\btConvexCast.cpp">
      <Filter>Bullet</Filter>
    </ClCompile>
    <ClCompile Include="bullet\BulletCollision\NarrowPhaseCollision\btGjkConvexCast.cpp">
      <Filter>Bullet</Filter>
    </ClCompile>
    <ClCompile Include="bullet\BulletCollision\NarrowPhaseCollision\btGjkEpa2.cpp">
      <Filter>Bullet</Filter>
    </ClCompile>
    <ClCompile Include="bullet\BulletCollision\NarrowPhaseCollision\btGjkEpaPenetrationDepthSolver.cpp">
      <Filter>Bullet</Filter>
    </ClCompile>
    <ClCompile Include="bullet\BulletCollision\NarrowPhaseCollision\btGjkPairDetector.cpp">
      <Filter>Bullet</Filter>
    </ClCompile>
    <ClCompile Include="bullet\BulletCollision\NarrowPhaseCollision\btMinkowskiPenetrationDepthSolver.cpp">
      <Filter>Bullet</Filter>
    </ClCompile>
    <ClCompile Include="bullet\BulletCollision\NarrowPhaseCollision\btPersistentManifold.cpp">
      <Filter>Bullet</Filter>
    </ClCompile>
    <ClCompile Include="bullet\BulletCollision\NarrowPhaseCollision\btPolyhedralContactClipping.cpp">
      <Filter>Bullet</Filter>
    </ClCompile>
    <ClCompile Include="bullet\BulletCollision\NarrowPhaseCollision\btRaycastCallback.cpp">
      <Filter>Bullet</Filter>
    </ClCompile>
    <ClCompile Include="bullet\BulletCollision\NarrowPhaseCollision\btSubSimplexConvexCast.cpp">
      <Filter>Bullet</Filter>
    </ClCompile>
    <ClCompile Include="bullet\BulletCollision\NarrowPhaseCollision\btVoronoiSimplexSolver.cpp">
      <Filter>Bullet</Filter>
    </ClCompile>
    <ClCompile Include="bullet\BulletDynamics\Character\btKinematicCharacterController.cpp">
      <Filter>Bullet</Filter>
    </ClCompile>
    <ClCompile Include="bullet\BulletDynamics\ConstraintSolver\btConeTwistConstraint.cpp">
      <Filter>Bullet</Filter>
    </ClCompile>
    <ClCompile Include="bullet\BulletDynamics\ConstraintSolver\btContactConstraint.cpp">
      <Filter>Bullet</Filter>
    </ClCompile>
    <ClCompile Include="bullet\BulletDynamics\ConstraintSolver\btFixedConstraint.cpp">
      <Filter>Bullet</Filter>
    </ClCompile>
    <ClCompile Include="bullet\BulletDynamics\ConstraintSolver\btGearConstraint.cpp">
      <Filter>Bullet</Filter>
    </ClCompile>
    <ClCompile Include="bullet\BulletDynamics\ConstraintSolver\btGeneric6DofConstraint.cpp">
      <Filter>Bullet</Filter>
    </ClCompile>
    <ClCompile Include="bullet\BulletDynamics\ConstraintSolver\btGeneric6DofSpring2Constraint.cpp">
      <Filter>Bullet</Filter>
    </ClCompile>
    <ClCompile Include="bullet\BulletDynamics\ConstraintSolver\btGeneric6DofSpringConstraint.cpp">
      <Filter>Bullet</Filter>
    </ClCompile>
    <ClCompile Include="bullet\BulletDynamics\ConstraintSolver\btHinge2Constraint.cpp">
      <Filter>Bullet</Filter>
    </ClCompile>
    <ClCompile Include="bullet\BulletDynamics\ConstraintSolver\btHingeConstraint.cpp">
      <Filter>Bullet</Filter>
    </ClCompile>
    <ClCompile Include="bullet\BulletDynamics\ConstraintSolver\btNNCGConstraintSolver.cpp">
      <Filter>Bullet</Filter>
    </ClCompile>
    <ClCompile Include="bullet\BulletDynamics\ConstraintSolver\btPoint2PointConstraint.cpp">
      <Filter>Bullet</Filter>
    </ClCompile>
    <ClCompile Include="bullet\BulletDynamics\ConstraintSolver\btSequentialImpulseConstraintSolver.cpp">
      <Filter>Bullet</Filter>
    </ClCompile>
    <ClCompile Include="bullet\BulletDynamics\ConstraintSolver\btSliderConstraint.cpp">
      <Filter>Bullet</Filter>
    </ClCompile>
    <ClCompile Include="bullet\BulletDynamics\ConstraintSolver\btSolve2LinearConstraint.cpp">
      <Filter>Bullet</Filter>
    </ClCompile>
    <ClCompile Include="bullet\BulletDynamics\ConstraintSolver\btTypedConstraint.cpp">
      <Filter>Bullet</Filter>
    </ClCompile>
    <ClCompile Include="bullet\BulletDynamics\ConstraintSolver\btUniversalConstraint.cpp">
      <Filter>Bullet</Filter>
    </ClCompile>
    <ClCompile Include="bullet\BulletDynamics\Dynamics\btDiscreteDynamicsWorld.cpp">
      <Filter>Bullet</Filter>
    </ClCompile>
    <ClCompile Include="bullet\BulletDynamics\Dynamics\btRigidBody.cpp">
      <Filter>Bullet</Filter>
    </ClCompile>
    <ClCompile Include="bullet\BulletDynamics\Dynamics\btSimpleDynamicsWorld.cpp">
      <Filter>Bullet</Filter>
    </ClCompile>
    <ClCompile Include="bullet\BulletDynamics\Featherstone\btMultiBody.cpp">
      <Filter>Bullet</Filter>
    </ClCompile>
    <ClCompile Include="bullet\BulletDynamics\Featherstone\btMultiBodyConstraint.cpp">
      <Filter>Bullet</Filter>
    </ClCompile>
    <ClCompile Include="bullet\BulletDynamics\Featherstone\btMultiBodyConstraintSolver.cpp">
      <Filter>Bullet</Filter>
    </ClCompile>
    <ClCompile Include="bullet\BulletDynamics\Featherstone\btMultiBodyDynamicsWorld.cpp">
      <Filter>Bullet</Filter>
    </ClCompile>
    <ClCompile Include="bullet\BulletDynamics\Featherstone\btMultiBodyFixedConstraint.cpp">
      <Filter>Bullet</Filter>
    </ClCompile>
    <ClCompile Include="bullet\BulletDynamics\Featherstone\btMultiBodyJointLimitConstraint.cpp">
      <Filter>Bullet</Filter>
    </ClCompile>
    <ClCompile Include="bullet\BulletDynamics\Featherstone\btMultiBodyJointMotor.cpp">
      <Filter>Bullet</Filter>
    </ClCompile>
    <ClCompile Include="bullet\BulletDynamics\Featherstone\btMultiBodyPoint2Point.cpp">
      <Filter>Bullet</Filter>
    </ClCompile>
    <ClCompile Include="bullet\BulletDynamics\Featherstone\btMultiBodySliderConstraint.cpp">
      <Filter>Bullet</Filter>
    </ClCompile>
    <ClCompile Include="bullet\BulletDynamics\MLCPSolvers\btDantzigLCP.cpp">
      <Filter>Bullet</Filter>
    </ClCompile>
    <ClCompile Include="bullet\BulletDynamics\MLCPSolvers\btLemkeAlgorithm.cpp">
      <Filter>Bullet</Filter>
    </ClCompile>
    <ClCompile Include="bullet\BulletDynamics\MLCPSolvers\btMLCPSolver.cpp">
      <Filter>Bullet</Filter>
    </ClCompile>
    <ClCompile Include="bullet\BulletDynamics\Vehicle\btRaycastVehicle.cpp">
      <Filter>Bullet</Filter>
    </ClCompile>
    <ClCompile Include="bullet\BulletDynamics\Vehicle\btWheelInfo.cpp">
      <Filter>Bullet</Filter>
    </ClCompile>
    <ClCompile Include="bullet\BulletInverseDynamics\details\MultiBodyTreeImpl.cpp">
      <Filter>Bullet</Filter>
    </ClCompile>
    <ClCompile Include="bullet\BulletInverseDynamics\details\MultiBodyTreeInitCache.cpp">
      <Filter>Bullet</Filter>
    </ClCompile>
    <ClCompile Include="bullet\BulletInverseDynamics\IDMath.cpp">
      <Filter>Bullet</Filter>
    </ClCompile>
    <ClCompile Include="bullet\BulletInverseDynamics\MultiBodyTree.cpp">
      <Filter>Bullet</Filter>
    </ClCompile>
    <ClCompile Include="bullet\BulletSoftBody\btDefaultSoftBodySolver.cpp">
      <Filter>Bullet</Filter>
    </ClCompile>
    <ClCompile Include="bullet\BulletSoftBody\btSoftBody.cpp">
      <Filter>Bullet</Filter>
    </ClCompile>
    <ClCompile Include="bullet\BulletSoftBody\btSoftBodyConcaveCollisionAlgorithm.cpp">
      <Filter>Bullet</Filter>
    </ClCompile>
    <ClCompile Include="bullet\BulletSoftBody\btSoftBodyHelpers.cpp">
      <Filter>Bullet</Filter>
    </ClCompile>
    <ClCompile Include="bullet\BulletSoftBody\btSoftBodyRigidBodyCollisionConfiguration.cpp">
      <Filter>Bullet</Filter>
    </ClCompile>
    <ClCompile Include="bullet\BulletSoftBody\btSoftRigidCollisionAlgorithm.cpp">
      <Filter>Bullet</Filter>
    </ClCompile>
    <ClCompile Include="bullet\BulletSoftBody\btSoftRigidDynamicsWorld.cpp">
      <Filter>Bullet</Filter>
    </ClCompile>
    <ClCompile Include="bullet\BulletSoftBody\btSoftSoftCollisionAlgorithm.cpp">
      <Filter>Bullet</Filter>
    </ClCompile>
    <ClCompile Include="bullet\LinearMath\btAlignedAllocator.cpp">
      <Filter>Bullet</Filter>
    </ClCompile>
    <ClCompile Include="bullet\LinearMath\btConvexHull.cpp">
      <Filter>Bullet</Filter>
    </ClCompile>
    <ClCompile Include="bullet\LinearMath\btConvexHullComputer.cpp">
      <Filter>Bullet</Filter>
    </ClCompile>
    <ClCompile Include="bullet\LinearMath\btGeometryUtil.cpp">
      <Filter>Bullet</Filter>
    </ClCompile>
    <ClCompile Include="bullet\LinearMath\btPolarDecomposition.cpp">
      <Filter>Bullet</Filter>
    </ClCompile>
    <ClCompile Include="bullet\LinearMath\btQuickprof.cpp">
      <Filter>Bullet</Filter>
    </ClCompile>
    <ClCompile Include="bullet\LinearMath\btSerializer.cpp">
      <Filter>Bullet</Filter>
    </ClCompile>
    <ClCompile Include="bullet\LinearMath\btVector3.cpp">
      <Filter>Bullet</Filter>
    </ClCompile>
    <ClCompile Include="bullet\Bullet3Collision\BroadPhaseCollision\b3DynamicBvh.cpp">
      <Filter>Bullet</Filter>
    </ClCompile>
    <ClCompile Include="bullet\Bullet3Collision\BroadPhaseCollision\b3DynamicBvhBroadphase.cpp">
      <Filter>Bullet</Filter>
    </ClCompile>
    <ClCompile Include="bullet\Bullet3Collision\BroadPhaseCollision\b3OverlappingPairCache.cpp">
      <Filter>Bullet</Filter>
    </ClCompile>
    <ClCompile Include="bullet\Bullet3Collision\NarrowPhaseCollision\b3ConvexUtility.cpp">
      <Filter>Bullet</Filter>
    </ClCompile>
    <ClCompile Include="bullet\Bullet3Collision\NarrowPhaseCollision\b3CpuNarrowPhase.cpp">
      <Filter>Bullet</Filter>
    </ClCompile>
    <ClCompile Include="bullet\Bullet3Common\b3AlignedAllocator.cpp">
      <Filter>Bullet</Filter>
    </ClCompile>
    <ClCompile Include="bullet\Bullet3Common\b3Logging.cpp">
      <Filter>Bullet</Filter>
    </ClCompile>
    <ClCompile Include="bullet\Bullet3Common\b3Vector3.cpp">
      <Filter>Bullet</Filter>
    </ClCompile>
    <ClCompile Include="bullet\Bullet3Dynamics\b3CpuRigidBodyPipeline.cpp">
      <Filter>Bullet</Filter>
    </ClCompile>
    <ClCompile Include="bullet\Bullet3Dynamics\ConstraintSolver\b3FixedConstraint.cpp">
      <Filter>Bullet</Filter>
    </ClCompile>
    <ClCompile Include="bullet\Bullet3Dynamics\ConstraintSolver\b3Generic6DofConstraint.cpp">
      <Filter>Bullet</Filter>
    </ClCompile>
    <ClCompile Include="bullet\Bullet3Dynamics\ConstraintSolver\b3PgsJacobiSolver.cpp">
      <Filter>Bullet</Filter>
    </ClCompile>
    <ClCompile Include="bullet\Bullet3Dynamics\ConstraintSolver\b3Point2PointConstraint.cpp">
      <Filter>Bullet</Filter>
    </ClCompile>
    <ClCompile Include="bullet\Bullet3Dynamics\ConstraintSolver\b3TypedConstraint.cpp">
      <Filter>Bullet</Filter>
    </ClCompile>
    <ClCompile Include="bullet\Bullet3Geometry\b3ConvexHullComputer.cpp">
      <Filter>Bullet</Filter>
    </ClCompile>
    <ClCompile Include="bullet\Bullet3Geometry\b3GeometryUtil.cpp">
      <Filter>Bullet</Filter>
    </ClCompile>
    <ClCompile Include="bullet\Bullet3Serialize\Bullet2FileLoader\b3BulletFile.cpp">
      <Filter>Bullet</Filter>
    </ClCompile>
    <ClCompile Include="bullet\Bullet3Serialize\Bullet2FileLoader\b3Chunk.cpp">
      <Filter>Bullet</Filter>
    </ClCompile>
    <ClCompile Include="bullet\Bullet3Serialize\Bullet2FileLoader\b3DNA.cpp">
      <Filter>Bullet</Filter>
    </ClCompile>
    <ClCompile Include="bullet\Bullet3Serialize\Bullet2FileLoader\b3File.cpp">
      <Filter>Bullet</Filter>
    </ClCompile>
    <ClCompile Include="bullet\Bullet3Serialize\Bullet2FileLoader\b3Serializer.cpp">
      <Filter>Bullet</Filter>
    </ClCompile>
  </ItemGroup>
  <ItemGroup>
    <Filter Include="Engine">
      <UniqueIdentifier>{7176542f-5e21-407f-92da-cbdd9efdf5be}</UniqueIdentifier>
    </Filter>
    <Filter Include="Game">
      <UniqueIdentifier>{d6392f30-3d5a-4084-a215-f48495b68a6e}</UniqueIdentifier>
    </Filter>
    <Filter Include="Bullet">
      <UniqueIdentifier>{9d2d3355-d18e-4d7c-9987-1ce1c15e1f22}</UniqueIdentifier>
    </Filter>
  </ItemGroup>
</Project>