<?xml version="1.0" encoding="utf-8"?>
<Project ToolsVersion="4.0" xmlns="http://schemas.microsoft.com/developer/msbuild/2003">
  <ItemGroup>
    <ClInclude Include="android_native_app_glue.h">
      <Filter>Engine</Filter>
    </ClInclude>
    <ClInclude Include="log.h">
      <Filter>Engine</Filter>
    </ClInclude>
    <ClInclude Include="bkAssets.h">
      <Filter>Game\headers</Filter>
    </ClInclude>
    <ClInclude Include="bkState.h">
      <Filter>Game\headers</Filter>
    </ClInclude>
    <ClInclude Include="bkEnv.h">
      <Filter>Game\headers</Filter>
    </ClInclude>
    <ClInclude Include="bkMatrix.h">
      <Filter>Game\headers</Filter>
    </ClInclude>
  </ItemGroup>
  <ItemGroup>
    <ClCompile Include="android_native_app_glue.c">
      <Filter>Engine</Filter>
    </ClCompile>
    <ClCompile Include="main.c">
      <Filter>Engine</Filter>
    </ClCompile>
    <ClCompile Include="bkAssets.c">
      <Filter>Game\sources</Filter>
    </ClCompile>
    <ClCompile Include="bkState.c">
      <Filter>Game\sources</Filter>
    </ClCompile>
    <ClCompile Include="bkEnv.c">
      <Filter>Game\sources</Filter>
    </ClCompile>
    <ClCompile Include="bkMatrix.c">
      <Filter>Game\sources</Filter>
    </ClCompile>
  </ItemGroup>
  <ItemGroup>
    <Filter Include="Engine">
      <UniqueIdentifier>{7176542f-5e21-407f-92da-cbdd9efdf5be}</UniqueIdentifier>
    </Filter>
    <Filter Include="Game">
      <UniqueIdentifier>{d6392f30-3d5a-4084-a215-f48495b68a6e}</UniqueIdentifier>
    </Filter>
    <Filter Include="Bullet">
      <UniqueIdentifier>{9d2d3355-d18e-4d7c-9987-1ce1c15e1f22}</UniqueIdentifier>
    </Filter>
    <Filter Include="Game\headers">
      <UniqueIdentifier>{5f456fe7-3dd4-4995-a323-2d26d7675997}</UniqueIdentifier>
    </Filter>
    <Filter Include="Game\sources">
      <UniqueIdentifier>{c166e200-f230-4fab-9050-cc4f6c1d6243}</UniqueIdentifier>
    </Filter>
  </ItemGroup>
</Project>